
Microsoft Visual Studio Solution File, Format Version 12.00
# Visual Studio Version 16
VisualStudioVersion = 16.0.31105.61
MinimumVisualStudioVersion = 10.0.40219.1
Project("{FAE04EC0-301F-11D3-BF4B-00C04F79EFBC}") = "RestWith.Net5", "RestWith.Net5\RestWith.Net5.csproj", "{CD95E3BD-31B0-4FAB-9B2D-8F05AD49FD3E}"
EndProject
Global
	GlobalSection(SolutionConfigurationPlatforms) = preSolution
		Debug|Any CPU = Debug|Any CPU
		Release|Any CPU = Release|Any CPU
	EndGlobalSection
	GlobalSection(ProjectConfigurationPlatforms) = postSolution
		{CD95E3BD-31B0-4FAB-9B2D-8F05AD49FD3E}.Debug|Any CPU.ActiveCfg = Debug|Any CPU
		{CD95E3BD-31B0-4FAB-9B2D-8F05AD49FD3E}.Debug|Any CPU.Build.0 = Debug|Any CPU
		{CD95E3BD-31B0-4FAB-9B2D-8F05AD49FD3E}.Release|Any CPU.ActiveCfg = Release|Any CPU
		{CD95E3BD-31B0-4FAB-9B2D-8F05AD49FD3E}.Release|Any CPU.Build.0 = Release|Any CPU
	EndGlobalSection
	GlobalSection(SolutionProperties) = preSolution
		HideSolutionNode = FALSE
	EndGlobalSection
	GlobalSection(ExtensibilityGlobals) = postSolution
		SolutionGuid = {69EAB4FD-CEA7-4545-AD02-332631A74236}
	EndGlobalSection
EndGlobal
